# THIS IS AN AUTOGENERATED FILE. DO NOT EDIT THIS FILE DIRECTLY.
# yarn lockfile v1


axios@^0.19.2:
  version "0.19.2"
  resolved "https://registry.yarnpkg.com/axios/-/axios-0.19.2.tgz#3ea36c5d8818d0d5f8a8a97a6d36b86cdc00cb27"
  integrity sha512-fjgm5MvRHLhx+osE2xoekY70AhARk3a6hkN+3Io1jc00jtquGvxYlKlsFUhmUET0V5te6CcZI7lcv2Ym61mjHA==
  dependencies:
    follow-redirects "1.5.10"

china-time@^0.12.3:
  version "0.12.3"
  resolved "https://registry.yarnpkg.com/china-time/-/china-time-0.12.3.tgz#67d77e0fe20f168f6641b20d84f62a9ef5b0fc3d"
  integrity sha1-Z9d+D+IPFo9mQbINhPYqnvWw/D0=
  dependencies:
    moment-timezone "^0.5.14"

dayjs@^1.8.31:
  version "1.8.35"
  resolved "https://registry.yarnpkg.com/dayjs/-/dayjs-1.8.35.tgz#67118378f15d31623f3ee2992f5244b887606888"
  integrity sha512-isAbIEenO4ilm6f8cpqvgjZCsuerDAz2Kb7ri201AiNn58aqXuaLJEnCtfIMdCvERZHNGRY5lDMTr/jdAnKSWQ==

debug@=3.1.0:
  version "3.1.0"
  resolved "https://registry.yarnpkg.com/debug/-/debug-3.1.0.tgz#5bb5a0672628b64149566ba16819e61518c67261"
  integrity sha512-OX8XqP7/1a9cqkxYw2yXss15f26NKWBpDXQd0/uK/KPqdQhxbPa994hnzjcE2VqQpDslf55723cKPUOGSmMY3g==
  dependencies:
    ms "2.0.0"

emailjs@^3.2.1:
  version "3.3.0"
  resolved "https://registry.yarnpkg.com/emailjs/-/emailjs-3.3.0.tgz#d6cef5a984fe0ef20bb95c18f0fda3d51c1ca286"
  integrity sha512-O8fUbXhyzZEokeLq+mrefYaSdToLXlW3oQfCU+75kqkwL27W8Cb6PW/ipjF1ePapLNoAvWPvwInh/x7x4z/jKA==

follow-redirects@1.5.10:
  version "1.5.10"
  resolved "https://registry.yarnpkg.com/follow-redirects/-/follow-redirects-1.5.10.tgz#7b7a9f9aea2fdff36786a94ff643ed07f4ff5e2a"
  integrity sha512-0V5l4Cizzvqt5D44aTXbFZz+FtyXV1vrDN6qrelxtfYQKW0KO0W2T/hkE8xvGa/540LkZlkaUjO4ailYTFtHVQ==
  dependencies:
    debug "=3.1.0"

moment-timezone@^0.5.14:
  version "0.5.31"
  resolved "https://registry.yarnpkg.com/moment-timezone/-/moment-timezone-0.5.31.tgz#9c40d8c5026f0c7ab46eda3d63e49c155148de05"
  integrity sha512-+GgHNg8xRhMXfEbv81iDtrVeTcWt0kWmTEY1XQK14dICTXnWJnT0dxdlPspwqF3keKMVPXwayEsk1DI0AA/jdA==
  dependencies:
    moment ">= 2.9.0"

"moment@>= 2.9.0":
  version "2.27.0"
  resolved "https://registry.yarnpkg.com/moment/-/moment-2.27.0.tgz#8bff4e3e26a236220dfe3e36de756b6ebaa0105d"
  integrity sha512-al0MUK7cpIcglMv3YF13qSgdAIqxHTO7brRtaz3DlSULbqfazqkc5kEjNrLDOM7fsjshoFIihnU8snrP7zUvhQ==

ms@2.0.0:
  version "2.0.0"
  resolved "https://registry.yarnpkg.com/ms/-/ms-2.0.0.tgz#5608aeadfc00be6c2901df5f9861788de0d597c8"
  integrity sha1-VgiurfwAvmwpAd9fmGF4jeDVl8g=
